xVKÛ6îY¿bŠ,oÇv¢XÄ½è±§ÞŒ…!É´—»²¨Ò¾~}çA‘”¼ÞD[â<¾ùæÁ)kSÂþµþíhÍlÑðGŸ[c;~ÓM—eU]8ßïQÄ8sV·àsPGØïu£»ý>wª>.Àé7µ€“jÔ¾5¦ž‹ 	ÓùÒnN°…ßI¿ÒÏø€,9<)_;UX[¼æ$3BúvÐ˜þ5HöéaßNu{	oÏVóˆ2á\IXQ4¾‘ÕÁ¯U“…/°8Æ‚Ý¥'Åd-9’h€>$Ž"¦¿È}¾JèO1ú´Ów¨`ícwYF™ª¬*:JKÛ×˜ÓäøwO Pqfýó™‹ÒhzGÌÞÁŠÞ$´á,I}4"cåŽ¥l$!Vu½mÈ›Gì)ê
™ J¢üÙŽº)ê½XôÞ	›| î£pd]Ncaú÷Q%N"LD’ )Xþ0&d;Â…Dß¤BÏÃ—-ÖgÌaNòåƒõ~	¥¯»›”‡U-¦ÿ³½ôÔó½®È÷ˆ!ÈýSÔ.6ß$d,Bö…%=	¹ìËÍnr1ÆP÷²’‹Ø@óß#iøë;4±Nê12©žôUGÎ¦,ðÀ…h?Ð$Ì«ZUÝ¨º\oŸô“±ÎCüªÖvgš.(ŒÅÖ“œD>™pJ‚I¸Aø2JßÀˆUª]€µ…UMç¨‰u}ÀÿûÊôMçM£
·õ•2‘¢kÂ7âœµb´k?—N8FÅ%NþƒzÉƒšq6µ›Ÿ*ˆÍDeMu$áìä0VR»IÙxrÆÀnMÄÊçòv½€v“8»¦2TŒWÛ Ú:ªÍÃç-l¤Y¯ó¢^ªº?(¡Ë§%©°¸|P1Fê™fŒ#¹B3†‚Æ&ù¡Ë8Ç¿oqbâ¢ê?kùd¸/ˆ6™MÈüÙŒñûS¾ÊJkðÎú+ó‡ßÃ.Á7ú‚Á
“>a“ó[¡²‰eœ°Ú:|’Ûã=32Æ’®»bk3±åÙaiaçÜwx›ŽQÈîó—6wbrÿZS†+<íÜðñ]’Rß£ðhcó˜ÔÏÐß´£¤µMÒ˜?gp¤a;b·³q™adéÌ¡z¢ÇC¾ºÍ\Vñ …B¼»ÁL0ˆ]&p¹Ç±‘Š?${.Zõ¾$­­ÅúE³ÃV‘$ØÓªQ^¶W¢AL^[.4Í‡¸²ñÜu6×sœ2³%Ìð‡Þ=2Yjøì–ÏRÄËƒªÌAåóy–rL\ËYQV¸êîõÃc}nLûÃº®z~y}ƒÙ<K¤‰bw¯àG¯«G(­ynàh^à¡?·Ì“²@Çuñö
sBC+­ÎÔô<‹ü2›U.8t6É„_ýúpHG(üîâê!V†“	äÌ3Ý)âÔø;­²éˆÊ„”U¿²gòTú`Q“©HU•ÏnnnBÆ'^9ç€È.•êGuÈ8ï#I»Õ°?ÁCŒ“½ÄÿQ ~´Ñ°Ä•õ"¤ïÁÐi®î;Óp;#^I2þšg®